
Microsoft Visual Studio Solution File, Format Version 12.00
# Visual Studio Version 16
VisualStudioVersion = 16.0.31005.135
MinimumVisualStudioVersion = 10.0.40219.1
Project("{9A19103F-16F7-4668-BE54-9A1E7A4F7556}") = "eshopPractice", "eshopPractice\eshopPractice.csproj", "{2DF95091-2C83-48F7-9952-26B65AB65B86}"
EndProject
Project("{9A19103F-16F7-4668-BE54-9A1E7A4F7556}") = "InMemoryDbSample", "InMemoryDbSample\InMemoryDbSample.csproj", "{FBA25891-C556-4F9E-865C-617A7EC6D20A}"
EndProject
Project("{FAE04EC0-301F-11D3-BF4B-00C04F79EFBC}") = "IdentitySample", "IdentitySample\IdentitySample.csproj", "{EBF54E4B-C351-42FC-A2D5-C31F167D10FD}"
EndProject
Global
	GlobalSection(SolutionConfigurationPlatforms) = preSolution
		Debug|Any CPU = Debug|Any CPU
		Release|Any CPU = Release|Any CPU
	EndGlobalSection
	GlobalSection(ProjectConfigurationPlatforms) = postSolution
		{2DF95091-2C83-48F7-9952-26B65AB65B86}.Debug|Any CPU.ActiveCfg = Debug|Any CPU
		{2DF95091-2C83-48F7-9952-26B65AB65B86}.Debug|Any CPU.Build.0 = Debug|Any CPU
		{2DF95091-2C83-48F7-9952-26B65AB65B86}.Release|Any CPU.ActiveCfg = Release|Any CPU
		{2DF95091-2C83-48F7-9952-26B65AB65B86}.Release|Any CPU.Build.0 = Release|Any CPU
		{FBA25891-C556-4F9E-865C-617A7EC6D20A}.Debug|Any CPU.ActiveCfg = Debug|Any CPU
		{FBA25891-C556-4F9E-865C-617A7EC6D20A}.Debug|Any CPU.Build.0 = Debug|Any CPU
		{FBA25891-C556-4F9E-865C-617A7EC6D20A}.Release|Any CPU.ActiveCfg = Release|Any CPU
		{FBA25891-C556-4F9E-865C-617A7EC6D20A}.Release|Any CPU.Build.0 = Release|Any CPU
		{EBF54E4B-C351-42FC-A2D5-C31F167D10FD}.Debug|Any CPU.ActiveCfg = Debug|Any CPU
		{EBF54E4B-C351-42FC-A2D5-C31F167D10FD}.Debug|Any CPU.Build.0 = Debug|Any CPU
		{EBF54E4B-C351-42FC-A2D5-C31F167D10FD}.Release|Any CPU.ActiveCfg = Release|Any CPU
		{EBF54E4B-C351-42FC-A2D5-C31F167D10FD}.Release|Any CPU.Build.0 = Release|Any CPU
	EndGlobalSection
	GlobalSection(SolutionProperties) = preSolution
		HideSolutionNode = FALSE
	EndGlobalSection
	GlobalSection(ExtensibilityGlobals) = postSolution
		SolutionGuid = {21490A3D-AC80-4C1D-8701-FC37A035202F}
	EndGlobalSection
EndGlobal
